
Microsoft Visual Studio Solution File, Format Version 12.00
# Visual Studio Version 17
VisualStudioVersion = 17.7.34031.279
MinimumVisualStudioVersion = 10.0.40219.1
Project("{FAE04EC0-301F-11D3-BF4B-00C04F79EFBC}") = "crudAuthApp", "crudAuthApp\crudAuthApp.csproj", "{792D1FC2-3C26-45C6-A67E-D4EB3BF80FDA}"
EndProject
Global
	GlobalSection(SolutionConfigurationPlatforms) = preSolution
		Debug|Any CPU = Debug|Any CPU
		Release|Any CPU = Release|Any CPU
	EndGlobalSection
	GlobalSection(ProjectConfigurationPlatforms) = postSolution
		{792D1FC2-3C26-45C6-A67E-D4EB3BF80FDA}.Debug|Any CPU.ActiveCfg = Debug|Any CPU
		{792D1FC2-3C26-45C6-A67E-D4EB3BF80FDA}.Debug|Any CPU.Build.0 = Debug|Any CPU
		{792D1FC2-3C26-45C6-A67E-D4EB3BF80FDA}.Release|Any CPU.ActiveCfg = Release|Any CPU
		{792D1FC2-3C26-45C6-A67E-D4EB3BF80FDA}.Release|Any CPU.Build.0 = Release|Any CPU
	EndGlobalSection
	GlobalSection(SolutionProperties) = preSolution
		HideSolutionNode = FALSE
	EndGlobalSection
	GlobalSection(ExtensibilityGlobals) = postSolution
		SolutionGuid = {6F2D2523-A36D-4271-914C-413A8E9C1F14}
	EndGlobalSection
EndGlobal
